
Microsoft Visual Studio Solution File, Format Version 12.00
# Visual Studio Version 17
VisualStudioVersion = 17.1.32319.34
MinimumVisualStudioVersion = 10.0.40219.1
Project("{F2A71F9B-5D33-465A-A702-920D77279786}") = "StateT", "StateT.fsproj", "{6393ADB5-0C66-4DC4-94FF-6F0BBBFA9AF2}"
EndProject
Global
	GlobalSection(SolutionConfigurationPlatforms) = preSolution
		Debug|Any CPU = Debug|Any CPU
		Release|Any CPU = Release|Any CPU
	EndGlobalSection
	GlobalSection(ProjectConfigurationPlatforms) = postSolution
		{6393ADB5-0C66-4DC4-94FF-6F0BBBFA9AF2}.Debug|Any CPU.ActiveCfg = Debug|Any CPU
		{6393ADB5-0C66-4DC4-94FF-6F0BBBFA9AF2}.Debug|Any CPU.Build.0 = Debug|Any CPU
		{6393ADB5-0C66-4DC4-94FF-6F0BBBFA9AF2}.Release|Any CPU.ActiveCfg = Release|Any CPU
		{6393ADB5-0C66-4DC4-94FF-6F0BBBFA9AF2}.Release|Any CPU.Build.0 = Release|Any CPU
	EndGlobalSection
	GlobalSection(SolutionProperties) = preSolution
		HideSolutionNode = FALSE
	EndGlobalSection
	GlobalSection(ExtensibilityGlobals) = postSolution
		SolutionGuid = {D0DB215F-78FF-4CF5-997D-0C3B552B2DEF}
	EndGlobalSection
EndGlobal
