# This file was autogenerated by Stack.
# You should not edit this file by hand.
# For more information, please see the documentation at:
#   https://docs.haskellstack.org/en/stable/lock_files

packages:
- completed:
    hackage: fastsum-0.2.0.0@sha256:7abc9ceddc3dfb67420c927c0e69d9248c9e8d5877f53cd8fb76a63e72ce7ddb,2394
    pantry-tree:
      size: 431
      sha256: 294ee5f98315161f27487e56425b8f1d3e59914607d1f467a9844b2befaa576d
  original:
    hackage: fastsum-0.2.0.0@sha256:7abc9ceddc3dfb67420c927c0e69d9248c9e8d5877f53cd8fb76a63e72ce7ddb,2394
snapshots:
- completed:
    size: 618876
    url: http://mirrors.ustc.edu.cn/stackage/stackage-snapshots/lts/19/6.yaml
    sha256: fb634b19f31da06684bb07ce02a20c75a3162138f279b388905b03ebd57bb50f
  original:
    url: http://mirrors.ustc.edu.cn/stackage/stackage-snapshots/lts/19/6.yaml
